
Microsoft Visual Studio Solution File, Format Version 12.00
# Visual Studio Version 17
VisualStudioVersion = 17.7.34221.43
MinimumVisualStudioVersion = 10.0.40219.1
Project("{9A19103F-16F7-4668-BE54-9A1E7A4F7556}") = "AniMate.Client", "AniMate.Client\AniMate.Client\AniMate.Client.csproj", "{388DBB4A-136E-4301-AC25-F7F318B649F7}"
EndProject
Project("{2150E333-8FDC-42A3-9474-1A3956D46DE8}") = "AniMate.Backend", "AniMate.Backend", "{85BEB107-84C3-49C5-BD37-B3D14C617285}"
EndProject
Project("{2150E333-8FDC-42A3-9474-1A3956D46DE8}") = "Core", "Core", "{D6FB51D4-7B83-4619-AA2C-8D68948A5FD4}"
EndProject
Project("{2150E333-8FDC-42A3-9474-1A3956D46DE8}") = "Infrastructure", "Infrastructure", "{ED0634D6-BFF1-41A1-9837-F85D3F97CF4D}"
EndProject
Project("{2150E333-8FDC-42A3-9474-1A3956D46DE8}") = "Presentation", "Presentation", "{3B93825C-50FC-4A00-BCEF-CBBA19A02E8D}"
EndProject
Project("{FAE04EC0-301F-11D3-BF4B-00C04F79EFBC}") = "Domain", "AniMate.Backend\Core\Domain\Domain.csproj", "{1B5D3536-5385-4E9C-A4D0-F87ABDAB8132}"
EndProject
Project("{FAE04EC0-301F-11D3-BF4B-00C04F79EFBC}") = "Application", "AniMate.Backend\Core\Application\Application.csproj", "{B8C8BDC9-53B5-483C-A8B0-EABE747FFEBF}"
EndProject
Project("{FAE04EC0-301F-11D3-BF4B-00C04F79EFBC}") = "Persistence", "AniMate.Backend\Infrastructure\Persistence\Persistence.csproj", "{BE8766FB-7B19-460B-87AE-73FC4AAA2798}"
EndProject
Project("{FAE04EC0-301F-11D3-BF4B-00C04F79EFBC}") = "WebAPI", "AniMate.Backend\Presentation\WebAPI\WebAPI.csproj", "{EEC1E76E-20D9-45EC-BBCB-4D60FCBBAA0E}"
EndProject
Global
	GlobalSection(SolutionConfigurationPlatforms) = preSolution
		Debug|Any CPU = Debug|Any CPU
		Release|Any CPU = Release|Any CPU
	EndGlobalSection
	GlobalSection(ProjectConfigurationPlatforms) = postSolution
		{388DBB4A-136E-4301-AC25-F7F318B649F7}.Debug|Any CPU.ActiveCfg = Debug|Any CPU
		{388DBB4A-136E-4301-AC25-F7F318B649F7}.Debug|Any CPU.Build.0 = Debug|Any CPU
		{388DBB4A-136E-4301-AC25-F7F318B649F7}.Debug|Any CPU.Deploy.0 = Debug|Any CPU
		{388DBB4A-136E-4301-AC25-F7F318B649F7}.Release|Any CPU.ActiveCfg = Release|Any CPU
		{388DBB4A-136E-4301-AC25-F7F318B649F7}.Release|Any CPU.Build.0 = Release|Any CPU
		{388DBB4A-136E-4301-AC25-F7F318B649F7}.Release|Any CPU.Deploy.0 = Release|Any CPU
		{1B5D3536-5385-4E9C-A4D0-F87ABDAB8132}.Debug|Any CPU.ActiveCfg = Debug|Any CPU
		{1B5D3536-5385-4E9C-A4D0-F87ABDAB8132}.Debug|Any CPU.Build.0 = Debug|Any CPU
		{1B5D3536-5385-4E9C-A4D0-F87ABDAB8132}.Release|Any CPU.ActiveCfg = Release|Any CPU
		{1B5D3536-5385-4E9C-A4D0-F87ABDAB8132}.Release|Any CPU.Build.0 = Release|Any CPU
		{B8C8BDC9-53B5-483C-A8B0-EABE747FFEBF}.Debug|Any CPU.ActiveCfg = Debug|Any CPU
		{B8C8BDC9-53B5-483C-A8B0-EABE747FFEBF}.Debug|Any CPU.Build.0 = Debug|Any CPU
		{B8C8BDC9-53B5-483C-A8B0-EABE747FFEBF}.Release|Any CPU.ActiveCfg = Release|Any CPU
		{B8C8BDC9-53B5-483C-A8B0-EABE747FFEBF}.Release|Any CPU.Build.0 = Release|Any CPU
		{BE8766FB-7B19-460B-87AE-73FC4AAA2798}.Debug|Any CPU.ActiveCfg = Debug|Any CPU
		{BE8766FB-7B19-460B-87AE-73FC4AAA2798}.Debug|Any CPU.Build.0 = Debug|Any CPU
		{BE8766FB-7B19-460B-87AE-73FC4AAA2798}.Release|Any CPU.ActiveCfg = Release|Any CPU
		{BE8766FB-7B19-460B-87AE-73FC4AAA2798}.Release|Any CPU.Build.0 = Release|Any CPU
		{EEC1E76E-20D9-45EC-BBCB-4D60FCBBAA0E}.Debug|Any CPU.ActiveCfg = Debug|Any CPU
		{EEC1E76E-20D9-45EC-BBCB-4D60FCBBAA0E}.Debug|Any CPU.Build.0 = Debug|Any CPU
		{EEC1E76E-20D9-45EC-BBCB-4D60FCBBAA0E}.Release|Any CPU.ActiveCfg = Release|Any CPU
		{EEC1E76E-20D9-45EC-BBCB-4D60FCBBAA0E}.Release|Any CPU.Build.0 = Release|Any CPU
	EndGlobalSection
	GlobalSection(SolutionProperties) = preSolution
		HideSolutionNode = FALSE
	EndGlobalSection
	GlobalSection(ExtensibilityGlobals) = postSolution
		SolutionGuid = {525F678E-2A83-49C3-99D3-CBE8122BFEF0}
	EndGlobalSection
	GlobalSection(NestedProjects) = preSolution
		{D6FB51D4-7B83-4619-AA2C-8D68948A5FD4} = {85BEB107-84C3-49C5-BD37-B3D14C617285}
		{ED0634D6-BFF1-41A1-9837-F85D3F97CF4D} = {85BEB107-84C3-49C5-BD37-B3D14C617285}
		{3B93825C-50FC-4A00-BCEF-CBBA19A02E8D} = {85BEB107-84C3-49C5-BD37-B3D14C617285}
		{1B5D3536-5385-4E9C-A4D0-F87ABDAB8132} = {D6FB51D4-7B83-4619-AA2C-8D68948A5FD4}
		{B8C8BDC9-53B5-483C-A8B0-EABE747FFEBF} = {D6FB51D4-7B83-4619-AA2C-8D68948A5FD4}
		{BE8766FB-7B19-460B-87AE-73FC4AAA2798} = {ED0634D6-BFF1-41A1-9837-F85D3F97CF4D}
		{EEC1E76E-20D9-45EC-BBCB-4D60FCBBAA0E} = {3B93825C-50FC-4A00-BCEF-CBBA19A02E8D}
	EndGlobalSection
EndGlobal
