
Microsoft Visual Studio Solution File, Format Version 12.00
# Visual Studio Version 17
VisualStudioVersion = 17.7.34221.43
MinimumVisualStudioVersion = 10.0.40219.1
Project("{9A19103F-16F7-4668-BE54-9A1E7A4F7556}") = "AniMate.Client", "AniMate.Client\AniMate.Client.csproj", "{388DBB4A-136E-4301-AC25-F7F318B649F7}"
EndProject
Project("{2150E333-8FDC-42A3-9474-1A3956D46DE8}") = "AniMate.Backend", "AniMate.Backend", "{85BEB107-84C3-49C5-BD37-B3D14C617285}"
EndProject
Project("{FAE04EC0-301F-11D3-BF4B-00C04F79EFBC}") = "Backend.Domain", "AniMate.Backend\Backend.Domain\Backend.Domain.csproj", "{1B5D3536-5385-4E9C-A4D0-F87ABDAB8132}"
EndProject
Project("{FAE04EC0-301F-11D3-BF4B-00C04F79EFBC}") = "Backend.Application", "AniMate.Backend\Backend.Application\Backend.Application.csproj", "{B8C8BDC9-53B5-483C-A8B0-EABE747FFEBF}"
EndProject
Project("{FAE04EC0-301F-11D3-BF4B-00C04F79EFBC}") = "Backend.Infrastructure", "AniMate.Backend\Backend.Infrastructure\Backend.Infrastructure.csproj", "{BE8766FB-7B19-460B-87AE-73FC4AAA2798}"
EndProject
Project("{FAE04EC0-301F-11D3-BF4B-00C04F79EFBC}") = "Backend.API", "AniMate.Backend\Backend.API\Backend.API.csproj", "{EEC1E76E-20D9-45EC-BBCB-4D60FCBBAA0E}"
EndProject
Project("{2150E333-8FDC-42A3-9474-1A3956D46DE8}") = "AniMate.Adapter", "AniMate.Adapter", "{2E3C0598-F574-4237-B728-16F966C74889}"
EndProject
Project("{2150E333-8FDC-42A3-9474-1A3956D46DE8}") = "src", "src", "{E916F5EA-A82F-4720-88AB-BCA805E39BDB}"
EndProject
Project("{2150E333-8FDC-42A3-9474-1A3956D46DE8}") = "AniMate.Client", "AniMate.Client", "{4461D7A9-E09C-4B69-B782-115A24E85CDB}"
EndProject
Project("{2150E333-8FDC-42A3-9474-1A3956D46DE8}") = "AniMate.Gateway", "AniMate.Gateway", "{52F1C25A-3C33-436B-B6C3-2D5A14C3BF6A}"
EndProject
Project("{FAE04EC0-301F-11D3-BF4B-00C04F79EFBC}") = "Adapter.API", "AniMate.Adapter\Adapter.API\Adapter.API.csproj", "{043CC5C8-6FDB-4BB1-990E-AF8D9E488DD8}"
EndProject
Project("{FAE04EC0-301F-11D3-BF4B-00C04F79EFBC}") = "Adapter.Domain", "AniMate.Adapter\Adapter.Domain\Adapter.Domain.csproj", "{016CA995-F803-497A-A041-ECE11485D4BB}"
EndProject
Project("{FAE04EC0-301F-11D3-BF4B-00C04F79EFBC}") = "Adapter.Communication", "AniMate.Adapter\Adapter.Communication\Adapter.Communication.csproj", "{0873318E-5A72-4FD9-B427-948481B75D4E}"
EndProject
Project("{FAE04EC0-301F-11D3-BF4B-00C04F79EFBC}") = "Gateway.API", "AniMate.Gateway\Gateway.API\Gateway.API.csproj", "{1179990A-EBCB-4A29-AE3E-4F43FB21F5F0}"
EndProject
Project("{FAE04EC0-301F-11D3-BF4B-00C04F79EFBC}") = "Adapter.Infrastructure", "AniMate.Adapter\Adapter.Infrastructure\Adapter.Infrastructure\Adapter.Infrastructure.csproj", "{D6716DAE-27D1-4FE9-9018-082879F09B06}"
EndProject
Project("{2150E333-8FDC-42A3-9474-1A3956D46DE8}") = "SolutionItems", "SolutionItems", "{4BFA1588-A8DF-4FEA-9696-44486EC68536}"
EndProject
Global
	GlobalSection(SolutionConfigurationPlatforms) = preSolution
		Debug|Any CPU = Debug|Any CPU
		Release|Any CPU = Release|Any CPU
	EndGlobalSection
	GlobalSection(ProjectConfigurationPlatforms) = postSolution
		{388DBB4A-136E-4301-AC25-F7F318B649F7}.Debug|Any CPU.ActiveCfg = Debug|Any CPU
		{388DBB4A-136E-4301-AC25-F7F318B649F7}.Debug|Any CPU.Build.0 = Debug|Any CPU
		{388DBB4A-136E-4301-AC25-F7F318B649F7}.Debug|Any CPU.Deploy.0 = Debug|Any CPU
		{388DBB4A-136E-4301-AC25-F7F318B649F7}.Release|Any CPU.ActiveCfg = Release|Any CPU
		{388DBB4A-136E-4301-AC25-F7F318B649F7}.Release|Any CPU.Build.0 = Release|Any CPU
		{388DBB4A-136E-4301-AC25-F7F318B649F7}.Release|Any CPU.Deploy.0 = Release|Any CPU
		{1B5D3536-5385-4E9C-A4D0-F87ABDAB8132}.Debug|Any CPU.ActiveCfg = Debug|Any CPU
		{1B5D3536-5385-4E9C-A4D0-F87ABDAB8132}.Debug|Any CPU.Build.0 = Debug|Any CPU
		{1B5D3536-5385-4E9C-A4D0-F87ABDAB8132}.Release|Any CPU.ActiveCfg = Release|Any CPU
		{1B5D3536-5385-4E9C-A4D0-F87ABDAB8132}.Release|Any CPU.Build.0 = Release|Any CPU
		{B8C8BDC9-53B5-483C-A8B0-EABE747FFEBF}.Debug|Any CPU.ActiveCfg = Debug|Any CPU
		{B8C8BDC9-53B5-483C-A8B0-EABE747FFEBF}.Debug|Any CPU.Build.0 = Debug|Any CPU
		{B8C8BDC9-53B5-483C-A8B0-EABE747FFEBF}.Release|Any CPU.ActiveCfg = Release|Any CPU
		{B8C8BDC9-53B5-483C-A8B0-EABE747FFEBF}.Release|Any CPU.Build.0 = Release|Any CPU
		{BE8766FB-7B19-460B-87AE-73FC4AAA2798}.Debug|Any CPU.ActiveCfg = Debug|Any CPU
		{BE8766FB-7B19-460B-87AE-73FC4AAA2798}.Debug|Any CPU.Build.0 = Debug|Any CPU
		{BE8766FB-7B19-460B-87AE-73FC4AAA2798}.Release|Any CPU.ActiveCfg = Release|Any CPU
		{BE8766FB-7B19-460B-87AE-73FC4AAA2798}.Release|Any CPU.Build.0 = Release|Any CPU
		{EEC1E76E-20D9-45EC-BBCB-4D60FCBBAA0E}.Debug|Any CPU.ActiveCfg = Debug|Any CPU
		{EEC1E76E-20D9-45EC-BBCB-4D60FCBBAA0E}.Debug|Any CPU.Build.0 = Debug|Any CPU
		{EEC1E76E-20D9-45EC-BBCB-4D60FCBBAA0E}.Release|Any CPU.ActiveCfg = Release|Any CPU
		{EEC1E76E-20D9-45EC-BBCB-4D60FCBBAA0E}.Release|Any CPU.Build.0 = Release|Any CPU
		{043CC5C8-6FDB-4BB1-990E-AF8D9E488DD8}.Debug|Any CPU.ActiveCfg = Debug|Any CPU
		{043CC5C8-6FDB-4BB1-990E-AF8D9E488DD8}.Debug|Any CPU.Build.0 = Debug|Any CPU
		{043CC5C8-6FDB-4BB1-990E-AF8D9E488DD8}.Release|Any CPU.ActiveCfg = Release|Any CPU
		{043CC5C8-6FDB-4BB1-990E-AF8D9E488DD8}.Release|Any CPU.Build.0 = Release|Any CPU
		{016CA995-F803-497A-A041-ECE11485D4BB}.Debug|Any CPU.ActiveCfg = Debug|Any CPU
		{016CA995-F803-497A-A041-ECE11485D4BB}.Debug|Any CPU.Build.0 = Debug|Any CPU
		{016CA995-F803-497A-A041-ECE11485D4BB}.Release|Any CPU.ActiveCfg = Release|Any CPU
		{016CA995-F803-497A-A041-ECE11485D4BB}.Release|Any CPU.Build.0 = Release|Any CPU
		{0873318E-5A72-4FD9-B427-948481B75D4E}.Debug|Any CPU.ActiveCfg = Debug|Any CPU
		{0873318E-5A72-4FD9-B427-948481B75D4E}.Debug|Any CPU.Build.0 = Debug|Any CPU
		{0873318E-5A72-4FD9-B427-948481B75D4E}.Release|Any CPU.ActiveCfg = Release|Any CPU
		{0873318E-5A72-4FD9-B427-948481B75D4E}.Release|Any CPU.Build.0 = Release|Any CPU
		{1179990A-EBCB-4A29-AE3E-4F43FB21F5F0}.Debug|Any CPU.ActiveCfg = Debug|Any CPU
		{1179990A-EBCB-4A29-AE3E-4F43FB21F5F0}.Debug|Any CPU.Build.0 = Debug|Any CPU
		{1179990A-EBCB-4A29-AE3E-4F43FB21F5F0}.Release|Any CPU.ActiveCfg = Release|Any CPU
		{1179990A-EBCB-4A29-AE3E-4F43FB21F5F0}.Release|Any CPU.Build.0 = Release|Any CPU
		{D6716DAE-27D1-4FE9-9018-082879F09B06}.Debug|Any CPU.ActiveCfg = Debug|Any CPU
		{D6716DAE-27D1-4FE9-9018-082879F09B06}.Debug|Any CPU.Build.0 = Debug|Any CPU
		{D6716DAE-27D1-4FE9-9018-082879F09B06}.Release|Any CPU.ActiveCfg = Release|Any CPU
		{D6716DAE-27D1-4FE9-9018-082879F09B06}.Release|Any CPU.Build.0 = Release|Any CPU
	EndGlobalSection
	GlobalSection(SolutionProperties) = preSolution
		HideSolutionNode = FALSE
	EndGlobalSection
	GlobalSection(ExtensibilityGlobals) = postSolution
		SolutionGuid = {525F678E-2A83-49C3-99D3-CBE8122BFEF0}
	EndGlobalSection
	GlobalSection(NestedProjects) = preSolution
		{388DBB4A-136E-4301-AC25-F7F318B649F7} = {4461D7A9-E09C-4B69-B782-115A24E85CDB}
		{4461D7A9-E09C-4B69-B782-115A24E85CDB} = {E916F5EA-A82F-4720-88AB-BCA805E39BDB}
		{85BEB107-84C3-49C5-BD37-B3D14C617285} = {E916F5EA-A82F-4720-88AB-BCA805E39BDB}
		{2E3C0598-F574-4237-B728-16F966C74889} = {E916F5EA-A82F-4720-88AB-BCA805E39BDB}
		{52F1C25A-3C33-436B-B6C3-2D5A14C3BF6A} = {E916F5EA-A82F-4720-88AB-BCA805E39BDB}
		{043CC5C8-6FDB-4BB1-990E-AF8D9E488DD8} = {2E3C0598-F574-4237-B728-16F966C74889}
		{016CA995-F803-497A-A041-ECE11485D4BB} = {2E3C0598-F574-4237-B728-16F966C74889}
		{0873318E-5A72-4FD9-B427-948481B75D4E} = {2E3C0598-F574-4237-B728-16F966C74889}
		{1179990A-EBCB-4A29-AE3E-4F43FB21F5F0} = {52F1C25A-3C33-436B-B6C3-2D5A14C3BF6A}
		{D6716DAE-27D1-4FE9-9018-082879F09B06} = {2E3C0598-F574-4237-B728-16F966C74889}
		{BE8766FB-7B19-460B-87AE-73FC4AAA2798} = {85BEB107-84C3-49C5-BD37-B3D14C617285}
		{EEC1E76E-20D9-45EC-BBCB-4D60FCBBAA0E} = {85BEB107-84C3-49C5-BD37-B3D14C617285}
		{B8C8BDC9-53B5-483C-A8B0-EABE747FFEBF} = {85BEB107-84C3-49C5-BD37-B3D14C617285}
		{1B5D3536-5385-4E9C-A4D0-F87ABDAB8132} = {85BEB107-84C3-49C5-BD37-B3D14C617285}
		{4BFA1588-A8DF-4FEA-9696-44486EC68536} = {85BEB107-84C3-49C5-BD37-B3D14C617285}
	EndGlobalSection
EndGlobal
